
Microsoft Visual Studio Solution File, Format Version 12.00
# Visual Studio Version 17
VisualStudioVersion = 17.14.36811.4 d17.14
MinimumVisualStudioVersion = 10.0.40219.1
Project("{FAE04EC0-301F-11D3-BF4B-00C04F79EFBC}") = "APIApp", "APIApp\APIApp.csproj", "{9938D13A-7B61-4A48-B393-EF0B3CCC18FC}"
EndProject
Project("{FAE04EC0-301F-11D3-BF4B-00C04F79EFBC}") = "BLL", "BLL\BLL.csproj", "{9F540E16-3082-4CF8-AAC8-5F06FD294650}"
EndProject
Project("{FAE04EC0-301F-11D3-BF4B-00C04F79EFBC}") = "DAL", "DAL\DAL.csproj", "{532A11A9-33B0-4596-8A7A-71F9A622A9A2}"
EndProject
Global
	GlobalSection(SolutionConfigurationPlatforms) = preSolution
		Debug|Any CPU = Debug|Any CPU
		Release|Any CPU = Release|Any CPU
	EndGlobalSection
	GlobalSection(ProjectConfigurationPlatforms) = postSolution
		{9938D13A-7B61-4A48-B393-EF0B3CCC18FC}.Debug|Any CPU.ActiveCfg = Debug|Any CPU
		{9938D13A-7B61-4A48-B393-EF0B3CCC18FC}.Debug|Any CPU.Build.0 = Debug|Any CPU
		{9938D13A-7B61-4A48-B393-EF0B3CCC18FC}.Release|Any CPU.ActiveCfg = Release|Any CPU
		{9938D13A-7B61-4A48-B393-EF0B3CCC18FC}.Release|Any CPU.Build.0 = Release|Any CPU
		{9F540E16-3082-4CF8-AAC8-5F06FD294650}.Debug|Any CPU.ActiveCfg = Debug|Any CPU
		{9F540E16-3082-4CF8-AAC8-5F06FD294650}.Debug|Any CPU.Build.0 = Debug|Any CPU
		{9F540E16-3082-4CF8-AAC8-5F06FD294650}.Release|Any CPU.ActiveCfg = Release|Any CPU
		{9F540E16-3082-4CF8-AAC8-5F06FD294650}.Release|Any CPU.Build.0 = Release|Any CPU
		{532A11A9-33B0-4596-8A7A-71F9A622A9A2}.Debug|Any CPU.ActiveCfg = Debug|Any CPU
		{532A11A9-33B0-4596-8A7A-71F9A622A9A2}.Debug|Any CPU.Build.0 = Debug|Any CPU
		{532A11A9-33B0-4596-8A7A-71F9A622A9A2}.Release|Any CPU.ActiveCfg = Release|Any CPU
		{532A11A9-33B0-4596-8A7A-71F9A622A9A2}.Release|Any CPU.Build.0 = Release|Any CPU
	EndGlobalSection
	GlobalSection(SolutionProperties) = preSolution
		HideSolutionNode = FALSE
	EndGlobalSection
	GlobalSection(ExtensibilityGlobals) = postSolution
		SolutionGuid = {9A1A61FD-34A3-466B-82F9-472A3BE2AB6E}
	EndGlobalSection
EndGlobal
